
Microsoft Visual Studio Solution File, Format Version 12.00
# Visual Studio Version 17
VisualStudioVersion = 17.14.36930.0 d17.14
MinimumVisualStudioVersion = 10.0.40219.1
Project("{FAE04EC0-301F-11D3-BF4B-00C04F79EFBC}") = "RamadanMubarak", "RamadanMubarak\RamadanMubarak.csproj", "{C67569D0-F795-417D-0BF7-D2A1DD8BDFB5}"
EndProject
Global
	GlobalSection(SolutionConfigurationPlatforms) = preSolution
		Debug|Any CPU = Debug|Any CPU
		Release|Any CPU = Release|Any CPU
	EndGlobalSection
	GlobalSection(ProjectConfigurationPlatforms) = postSolution
		{C67569D0-F795-417D-0BF7-D2A1DD8BDFB5}.Debug|Any CPU.ActiveCfg = Debug|Any CPU
		{C67569D0-F795-417D-0BF7-D2A1DD8BDFB5}.Debug|Any CPU.Build.0 = Debug|Any CPU
		{C67569D0-F795-417D-0BF7-D2A1DD8BDFB5}.Release|Any CPU.ActiveCfg = Release|Any CPU
		{C67569D0-F795-417D-0BF7-D2A1DD8BDFB5}.Release|Any CPU.Build.0 = Release|Any CPU
	EndGlobalSection
	GlobalSection(SolutionProperties) = preSolution
		HideSolutionNode = FALSE
	EndGlobalSection
	GlobalSection(ExtensibilityGlobals) = postSolution
		SolutionGuid = {69AFF714-9B83-4DA6-B4BD-7A383F0C385D}
	EndGlobalSection
EndGlobal
